// !$*UTF8*$!
{
	archiveVersion = 1;
	classes = {
	};
	objectVersion = 56;
	objects = {

/* Begin PBXBuildFile section */
		17D7365F2AA2CEC5005AB3D1 /* FunctionsTutorialApp.swift in Sources */ = {isa = PBXBuildFile; fileRef = 17D7365E2AA2CEC5005AB3D1 /* FunctionsTutorialApp.swift */; };
		17D736612AA2CEC5005AB3D1 /* ContentView.swift in Sources */ = {isa = PBXBuildFile; fileRef = 17D736602AA2CEC5005AB3D1 /* ContentView.swift */; };
		17D736632AA2CEC9005AB3D1 /* Assets.xcassets in Resources */ = {isa = PBXBuildFile; fileRef = 17D736622AA2CEC9005AB3D1 /* Assets.xcassets */; };
		17D736662AA2CEC9005AB3D1 /* Preview Assets.xcassets in Resources */ = {isa = PBXBuildFile; fileRef = 17D736652AA2CEC9005AB3D1 /* Preview Assets.xcassets */; };
		17D7366D2AA2CEE7005AB3D1 /* EmptyFunction.swift in Sources */ = {isa = PBXBuildFile; fileRef = 17D7366C2AA2CEE7005AB3D1 /* EmptyFunction.swift */; };
		17D7366F2AA2D569005AB3D1 /* OneParameter.swift in Sources */ = {isa = PBXBuildFile; fileRef = 17D7366E2AA2D569005AB3D1 /* OneParameter.swift */; };
		17D736712AA2D858005AB3D1 /* MultiParameter.swift in Sources */ = {isa = PBXBuildFile; fileRef = 17D736702AA2D858005AB3D1 /* MultiParameter.swift */; };
		17D736732AA2DDD1005AB3D1 /* ParametersAndReturn.swift in Sources */ = {isa = PBXBuildFile; fileRef = 17D736722AA2DDD1005AB3D1 /* ParametersAndReturn.swift */; };
/* End PBXBuildFile section */

/* Begin PBXFileReference section */
		17D7365B2AA2CEC5005AB3D1 /* FunctionsTutorial.app */ = {isa = PBXFileReference; explicitFileType = wrapper.application; includeInIndex = 0; path = FunctionsTutorial.app; sourceTree = BUILT_PRODUCTS_DIR; };
		17D7365E2AA2CEC5005AB3D1 /* FunctionsTutorialApp.swift */ = {isa = PBXFileReference; lastKnownFileType = sourcecode.swift; path = FunctionsTutorialApp.swift; sourceTree = "<group>"; };
		17D736602AA2CEC5005AB3D1 /* ContentView.swift */ = {isa = PBXFileReference; lastKnownFileType = sourcecode.swift; path = ContentView.swift; sourceTree = "<group>"; };
		17D736622AA2CEC9005AB3D1 /* Assets.xcassets */ = {isa = PBXFileReference; lastKnownFileType = folder.assetcatalog; path = Assets.xcassets; sourceTree = "<group>"; };
		17D736652AA2CEC9005AB3D1 /* Preview Assets.xcassets */ = {isa = PBXFileReference; lastKnownFileType = folder.assetcatalog; path = "Preview Assets.xcassets"; sourceTree = "<group>"; };
		17D7366C2AA2CEE7005AB3D1 /* EmptyFunction.swift */ = {isa = PBXFileReference; lastKnownFileType = sourcecode.swift; path = EmptyFunction.swift; sourceTree = "<group>"; };
		17D7366E2AA2D569005AB3D1 /* OneParameter.swift */ = {isa = PBXFileReference; lastKnownFileType = sourcecode.swift; path = OneParameter.swift; sourceTree = "<group>"; };
		17D736702AA2D858005AB3D1 /* MultiParameter.swift */ = {isa = PBXFileReference; lastKnownFileType = sourcecode.swift; path = MultiParameter.swift; sourceTree = "<group>"; };
		17D736722AA2DDD1005AB3D1 /* ParametersAndReturn.swift */ = {isa = PBXFileReference; lastKnownFileType = sourcecode.swift; path = ParametersAndReturn.swift; sourceTree = "<group>"; };
/* End PBXFileReference section */

/* Begin PBXFrameworksBuildPhase section */
		17D736582AA2CEC5005AB3D1 /* Frameworks */ = {
			isa = PBXFrameworksBuildPhase;
			buildActionMask = 2147483647;
			files = (
			);
			runOnlyForDeploymentPostprocessing = 0;
		};
/* End PBXFrameworksBuildPhase section */

/* Begin PBXGroup section */
		17D736522AA2CEC5005AB3D1 = {
			isa = PBXGroup;
			children = (
				17D7365D2AA2CEC5005AB3D1 /* FunctionsTutorial */,
				17D7365C2AA2CEC5005AB3D1 /* Products */,
			);
			sourceTree = "<group>";
		};
		17D7365C2AA2CEC5005AB3D1 /* Products */ = {
			isa = PBXGroup;
			children = (
				17D7365B2AA2CEC5005AB3D1 /* FunctionsTutorial.app */,
			);
			name = Products;
			sourceTree = "<group>";
		};
		17D7365D2AA2CEC5005AB3D1 /* FunctionsTutorial */ = {
			isa = PBXGroup;
			children = (
				17D7365E2AA2CEC5005AB3D1 /* FunctionsTutorialApp.swift */,
				17D736602AA2CEC5005AB3D1 /* ContentView.swift */,
				17D7366C2AA2CEE7005AB3D1 /* EmptyFunction.swift */,
				17D7366E2AA2D569005AB3D1 /* OneParameter.swift */,
				17D736702AA2D858005AB3D1 /* MultiParameter.swift */,
				17D736722AA2DDD1005AB3D1 /* ParametersAndReturn.swift */,
				17D736622AA2CEC9005AB3D1 /* Assets.xcassets */,
				17D736642AA2CEC9005AB3D1 /* Preview Content */,
			);
			path = FunctionsTutorial;
			sourceTree = "<group>";
		};
		17D736642AA2CEC9005AB3D1 /* Preview Content */ = {
			isa = PBXGroup;
			children = (
				17D736652AA2CEC9005AB3D1 /* Preview Assets.xcassets */,
			);
			path = "Preview Content";
			sourceTree = "<group>";
		};
/* End PBXGroup section */

/* Begin PBXNativeTarget section */
		17D7365A2AA2CEC5005AB3D1 /* FunctionsTutorial */ = {
			isa = PBXNativeTarget;
			buildConfigurationList = 17D736692AA2CEC9005AB3D1 /* Build configuration list for PBXNativeTarget "FunctionsTutorial" */;
			buildPhases = (
				17D736572AA2CEC5005AB3D1 /* Sources */,
				17D736582AA2CEC5005AB3D1 /* Frameworks */,
				17D736592AA2CEC5005AB3D1 /* Resources */,
			);
			buildRules = (
			);
			dependencies = (
			);
			name = FunctionsTutorial;
			productName = FunctionsTutorial;
			productReference = 17D7365B2AA2CEC5005AB3D1 /* FunctionsTutorial.app */;
			productType = "com.apple.product-type.application";
		};
/* End PBXNativeTarget section */

/* Begin PBXProject section */
		17D736532AA2CEC5005AB3D1 /* Project object */ = {
			isa = PBXProject;
			attributes = {
				BuildIndependentTargetsInParallel = 1;
				LastSwiftUpdateCheck = 1430;
				LastUpgradeCheck = 1430;
				TargetAttributes = {
					17D7365A2AA2CEC5005AB3D1 = {
						CreatedOnToolsVersion = 14.3.1;
					};
				};
			};
			buildConfigurationList = 17D736562AA2CEC5005AB3D1 /* Build configuration list for PBXProject "FunctionsTutorial" */;
			compatibilityVersion = "Xcode 14.0";
			developmentRegion = en;
			hasScannedForEncodings = 0;
			knownRegions = (
				en,
				Base,
			);
			mainGroup = 17D736522AA2CEC5005AB3D1;
			productRefGroup = 17D7365C2AA2CEC5005AB3D1 /* Products */;
			projectDirPath = "";
			projectRoot = "";
			targets = (
				17D7365A2AA2CEC5005AB3D1 /* FunctionsTutorial */,
			);
		};
/* End PBXProject section */

/* Begin PBXResourcesBuildPhase section */
		17D736592AA2CEC5005AB3D1 /* Resources */ = {
			isa = PBXResourcesBuildPhase;
			buildActionMask = 2147483647;
			files = (
				17D736662AA2CEC9005AB3D1 /* Preview Assets.xcassets in Resources */,
				17D736632AA2CEC9005AB3D1 /* Assets.xcassets in Resources */,
			);
			runOnlyForDeploymentPostprocessing = 0;
		};
/* End PBXResourcesBuildPhase section */

/* Begin PBXSourcesBuildPhase section */
		17D736572AA2CEC5005AB3D1 /* Sources */ = {
			isa = PBXSourcesBuildPhase;
			buildActionMask = 2147483647;
			files = (
				17D736712AA2D858005AB3D1 /* MultiParameter.swift in Sources */,
				17D7366F2AA2D569005AB3D1 /* OneParameter.swift in Sources */,
				17D736612AA2CEC5005AB3D1 /* ContentView.swift in Sources */,
				17D7365F2AA2CEC5005AB3D1 /* FunctionsTutorialApp.swift in Sources */,
				17D7366D2AA2CEE7005AB3D1 /* EmptyFunction.swift in Sources */,
				17D736732AA2DDD1005AB3D1 /* ParametersAndReturn.swift in Sources */,
			);
			runOnlyForDeploymentPostprocessing = 0;
		};
/* End PBXSourcesBuildPhase section */

/* Begin XCBuildConfiguration section */
		17D736672AA2CEC9005AB3D1 /* Debug */ = {
			isa = XCBuildConfiguration;
			buildSettings = {
				ALWAYS_SEARCH_USER_PATHS = NO;
				CLANG_ANALYZER_NONNULL = YES;
				CLANG_ANALYZER_NUMBER_OBJECT_CONVERSION = YES_AGGRESSIVE;
				CLANG_CXX_LANGUAGE_STANDARD = "gnu++20";
				CLANG_ENABLE_MODULES = YES;
				CLANG_ENABLE_OBJC_ARC = YES;
				CLANG_ENABLE_OBJC_WEAK = YES;
				CLANG_WARN_BLOCK_CAPTURE_AUTORELEASING = YES;
				CLANG_WARN_BOOL_CONVERSION = YES;
				CLANG_WARN_COMMA = YES;
				CLANG_WARN_CONSTANT_CONVERSION = YES;
				CLANG_WARN_DEPRECATED_OBJC_IMPLEMENTATIONS = YES;
				CLANG_WARN_DIRECT_OBJC_ISA_USAGE = YES_ERROR;
				CLANG_WARN_DOCUMENTATION_COMMENTS = YES;
				CLANG_WARN_EMPTY_BODY = YES;
				CLANG_WARN_ENUM_CONVERSION = YES;
				CLANG_WARN_INFINITE_RECURSION = YES;
				CLANG_WARN_INT_CONVERSION = YES;
				CLANG_WARN_NON_LITERAL_NULL_CONVERSION = YES;
				CLANG_WARN_OBJC_IMPLICIT_RETAIN_SELF = YES;
				CLANG_WARN_OBJC_LITERAL_CONVERSION = YES;
				CLANG_WARN_OBJC_ROOT_CLASS = YES_ERROR;
				CLANG_WARN_QUOTED_INCLUDE_IN_FRAMEWORK_HEADER = YES;
				CLANG_WARN_RANGE_LOOP_ANALYSIS = YES;
				CLANG_WARN_STRICT_PROTOTYPES = YES;
				CLANG_WARN_SUSPICIOUS_MOVE = YES;
				CLANG_WARN_UNGUARDED_AVAILABILITY = YES_AGGRESSIVE;
				CLANG_WARN_UNREACHABLE_CODE = YES;
				CLANG_WARN__DUPLICATE_METHOD_MATCH = YES;
				COPY_PHASE_STRIP = NO;
				DEBUG_INFORMATION_FORMAT = dwarf;
				ENABLE_STRICT_OBJC_MSGSEND = YES;
				ENABLE_TESTABILITY = YES;
				GCC_C_LANGUAGE_STANDARD = gnu11;
				GCC_DYNAMIC_NO_PIC = NO;
				GCC_NO_COMMON_BLOCKS = YES;
				GCC_OPTIMIZATION_LEVEL = 0;
				GCC_PREPROCESSOR_DEFINITIONS = (
					"DEBUG=1",
					"$(inherited)",
				);
				GCC_WARN_64_TO_32_BIT_CONVERSION = YES;
				GCC_WARN_ABOUT_RETURN_TYPE = YES_ERROR;
				GCC_WARN_UNDECLARED_SELECTOR = YES;
				GCC_WARN_UNINITIALIZED_AUTOS = YES_AGGRESSIVE;
				GCC_WARN_UNUSED_FUNCTION = YES;
				GCC_WARN_UNUSED_VARIABLE = YES;
				IPHONEOS_DEPLOYMENT_TARGET = 16.4;
				MTL_ENABLE_DEBUG_INFO = INCLUDE_SOURCE;
				MTL_FAST_MATH = YES;
				ONLY_ACTIVE_ARCH = YES;
				SDKROOT = iphoneos;
				SWIFT_ACTIVE_COMPILATION_CONDITIONS = DEBUG;
				SWIFT_OPTIMIZATION_LEVEL = "-Onone";
			};
			name = Debug;
		};
		17D736682AA2CEC9005AB3D1 /* Release */ = {
			isa = XCBuildConfiguration;
			buildSettings = {
				ALWAYS_SEARCH_USER_PATHS = NO;
				CLANG_ANALYZER_NONNULL = YES;
				CLANG_ANALYZER_NUMBER_OBJECT_CONVERSION = YES_AGGRESSIVE;
				CLANG_CXX_LANGUAGE_STANDARD = "gnu++20";
				CLANG_ENABLE_MODULES = YES;
				CLANG_ENABLE_OBJC_ARC = YES;
				CLANG_ENABLE_OBJC_WEAK = YES;
				CLANG_WARN_BLOCK_CAPTURE_AUTORELEASING = YES;
				CLANG_WARN_BOOL_CONVERSION = YES;
				CLANG_WARN_COMMA = YES;
				CLANG_WARN_CONSTANT_CONVERSION = YES;
				CLANG_WARN_DEPRECATED_OBJC_IMPLEMENTATIONS = YES;
				CLANG_WARN_DIRECT_OBJC_ISA_USAGE = YES_ERROR;
				CLANG_WARN_DOCUMENTATION_COMMENTS = YES;
				CLANG_WARN_EMPTY_BODY = YES;
				CLANG_WARN_ENUM_CONVERSION = YES;
				CLANG_WARN_INFINITE_RECURSION = YES;
				CLANG_WARN_INT_CONVERSION = YES;
				CLANG_WARN_NON_LITERAL_NULL_CONVERSION = YES;
				CLANG_WARN_OBJC_IMPLICIT_RETAIN_SELF = YES;
				CLANG_WARN_OBJC_LITERAL_CONVERSION = YES;
				CLANG_WARN_OBJC_ROOT_CLASS = YES_ERROR;
				CLANG_WARN_QUOTED_INCLUDE_IN_FRAMEWORK_HEADER = YES;
				CLANG_WARN_RANGE_LOOP_ANALYSIS = YES;
				CLANG_WARN_STRICT_PROTOTYPES = YES;
				CLANG_WARN_SUSPICIOUS_MOVE = YES;
				CLANG_WARN_UNGUARDED_AVAILABILITY = YES_AGGRESSIVE;
				CLANG_WARN_UNREACHABLE_CODE = YES;
				CLANG_WARN__DUPLICATE_METHOD_MATCH = YES;
				COPY_PHASE_STRIP = NO;
				DEBUG_INFORMATION_FORMAT = "dwarf-with-dsym";
				ENABLE_NS_ASSERTIONS = NO;
				ENABLE_STRICT_OBJC_MSGSEND = YES;
				GCC_C_LANGUAGE_STANDARD = gnu11;
				GCC_NO_COMMON_BLOCKS = YES;
				GCC_WARN_64_TO_32_BIT_CONVERSION = YES;
				GCC_WARN_ABOUT_RETURN_TYPE = YES_ERROR;
				GCC_WARN_UNDECLARED_SELECTOR = YES;
				GCC_WARN_UNINITIALIZED_AUTOS = YES_AGGRESSIVE;
				GCC_WARN_UNUSED_FUNCTION = YES;
				GCC_WARN_UNUSED_VARIABLE = YES;
				IPHONEOS_DEPLOYMENT_TARGET = 16.4;
				MTL_ENABLE_DEBUG_INFO = NO;
				MTL_FAST_MATH = YES;
				SDKROOT = iphoneos;
				SWIFT_COMPILATION_MODE = wholemodule;
				SWIFT_OPTIMIZATION_LEVEL = "-O";
				VALIDATE_PRODUCT = YES;
			};
			name = Release;
		};
		17D7366A2AA2CEC9005AB3D1 /* Debug */ = {
			isa = XCBuildConfiguration;
			buildSettings = {
				ASSETCATALOG_COMPILER_APPICON_NAME = AppIcon;
				ASSETCATALOG_COMPILER_GLOBAL_ACCENT_COLOR_NAME = AccentColor;
				CODE_SIGN_STYLE = Automatic;
				CURRENT_PROJECT_VERSION = 1;
				DEVELOPMENT_ASSET_PATHS = "\"FunctionsTutorial/Preview Content\"";
				DEVELOPMENT_TEAM = E8QARB2U57;
				ENABLE_PREVIEWS = YES;
				GENERATE_INFOPLIST_FILE = YES;
				INFOPLIST_KEY_UIApplicationSceneManifest_Generation = YES;
				INFOPLIST_KEY_UIApplicationSupportsIndirectInputEvents = YES;
				INFOPLIST_KEY_UILaunchScreen_Generation = YES;
				INFOPLIST_KEY_UISupportedInterfaceOrientations_iPad = "UIInterfaceOrientationPortrait UIInterfaceOrientationPortraitUpsideDown UIInterfaceOrientationLandscapeLeft UIInterfaceOrientationLandscapeRight";
				INFOPLIST_KEY_UISupportedInterfaceOrientations_iPhone = "UIInterfaceOrientationPortrait UIInterfaceOrientationLandscapeLeft UIInterfaceOrientationLandscapeRight";
				LD_RUNPATH_SEARCH_PATHS = (
					"$(inherited)",
					"@executable_path/Frameworks",
				);
				MARKETING_VERSION = 1.0;
				PRODUCT_BUNDLE_IDENTIFIER = com.nwktc.FunctionsTutorial;
				PRODUCT_NAME = "$(TARGET_NAME)";
				SWIFT_EMIT_LOC_STRINGS = YES;
				SWIFT_VERSION = 5.0;
				TARGETED_DEVICE_FAMILY = "1,2";
			};
			name = Debug;
		};
		17D7366B2AA2CEC9005AB3D1 /* Release */ = {
			isa = XCBuildConfiguration;
			buildSettings = {
				ASSETCATALOG_COMPILER_APPICON_NAME = AppIcon;
				ASSETCATALOG_COMPILER_GLOBAL_ACCENT_COLOR_NAME = AccentColor;
				CODE_SIGN_STYLE = Automatic;
				CURRENT_PROJECT_VERSION = 1;
				DEVELOPMENT_ASSET_PATHS = "\"FunctionsTutorial/Preview Content\"";
				DEVELOPMENT_TEAM = E8QARB2U57;
				ENABLE_PREVIEWS = YES;
				GENERATE_INFOPLIST_FILE = YES;
				INFOPLIST_KEY_UIApplicationSceneManifest_Generation = YES;
				INFOPLIST_KEY_UIApplicationSupportsIndirectInputEvents = YES;
				INFOPLIST_KEY_UILaunchScreen_Generation = YES;
				INFOPLIST_KEY_UISupportedInterfaceOrientations_iPad = "UIInterfaceOrientationPortrait UIInterfaceOrientationPortraitUpsideDown UIInterfaceOrientationLandscapeLeft UIInterfaceOrientationLandscapeRight";
				INFOPLIST_KEY_UISupportedInterfaceOrientations_iPhone = "UIInterfaceOrientationPortrait UIInterfaceOrientationLandscapeLeft UIInterfaceOrientationLandscapeRight";
				LD_RUNPATH_SEARCH_PATHS = (
					"$(inherited)",
					"@executable_path/Frameworks",
				);
				MARKETING_VERSION = 1.0;
				PRODUCT_BUNDLE_IDENTIFIER = com.nwktc.FunctionsTutorial;
				PRODUCT_NAME = "$(TARGET_NAME)";
				SWIFT_EMIT_LOC_STRINGS = YES;
				SWIFT_VERSION = 5.0;
				TARGETED_DEVICE_FAMILY = "1,2";
			};
			name = Release;
		};
/* End XCBuildConfiguration section */

/* Begin XCConfigurationList section */
		17D736562AA2CEC5005AB3D1 /* Build configuration list for PBXProject "FunctionsTutorial" */ = {
			isa = XCConfigurationList;
			buildConfigurations = (
				17D736672AA2CEC9005AB3D1 /* Debug */,
				17D736682AA2CEC9005AB3D1 /* Release */,
			);
			defaultConfigurationIsVisible = 0;
			defaultConfigurationName = Release;
		};
		17D736692AA2CEC9005AB3D1 /* Build configuration list for PBXNativeTarget "FunctionsTutorial" */ = {
			isa = XCConfigurationList;
			buildConfigurations = (
				17D7366A2AA2CEC9005AB3D1 /* Debug */,
				17D7366B2AA2CEC9005AB3D1 /* Release */,
			);
			defaultConfigurationIsVisible = 0;
			defaultConfigurationName = Release;
		};
/* End XCConfigurationList section */
	};
	rootObject = 17D736532AA2CEC5005AB3D1 /* Project object */;
}
